
Microsoft Visual Studio Solution File, Format Version 12.00
# Visual Studio Version 16
VisualStudioVersion = 16.0.29613.14
MinimumVisualStudioVersion = 10.0.40219.1
Project("{FAE04EC0-301F-11D3-BF4B-00C04F79EFBC}") = "WebApi", "WebApi.csproj", "{B52E1288-0E61-48A0-964E-303F96847CC4}"
EndProject
Global
	GlobalSection(SolutionConfigurationPlatforms) = preSolution
		Debug|Any CPU = Debug|Any CPU
		Release|Any CPU = Release|Any CPU
	EndGlobalSection
	GlobalSection(ProjectConfigurationPlatforms) = postSolution
		{B52E1288-0E61-48A0-964E-303F96847CC4}.Debug|Any CPU.ActiveCfg = Debug|Any CPU
		{B52E1288-0E61-48A0-964E-303F96847CC4}.Debug|Any CPU.Build.0 = Debug|Any CPU
		{B52E1288-0E61-48A0-964E-303F96847CC4}.Release|Any CPU.ActiveCfg = Release|Any CPU
		{B52E1288-0E61-48A0-964E-303F96847CC4}.Release|Any CPU.Build.0 = Release|Any CPU
	EndGlobalSection
	GlobalSection(SolutionProperties) = preSolution
		HideSolutionNode = FALSE
	EndGlobalSection
	GlobalSection(ExtensibilityGlobals) = postSolution
		SolutionGuid = {9B2C9419-CDD6-4614-B854-93C738845AF5}
	EndGlobalSection
EndGlobal
